
Microsoft Visual Studio Solution File, Format Version 12.00
# Visual Studio Version 17
VisualStudioVersion = 17.14.37314.3 d17.14
MinimumVisualStudioVersion = 10.0.40219.1
Project("{8BC9CEB8-8B4A-11D0-8D11-00A0C91BC942}") = "DxLibMatchingUDP", "DxLibMatchingUDP\DxLibMatchingUDP.vcxproj", "{0638A721-B03E-40B1-838B-AF21635A1AF9}"
EndProject
Global
	GlobalSection(SolutionConfigurationPlatforms) = preSolution
		Debug|x64 = Debug|x64
		Debug|x86 = Debug|x86
		Release|x64 = Release|x64
		Release|x86 = Release|x86
	EndGlobalSection
	GlobalSection(ProjectConfigurationPlatforms) = postSolution
		{0638A721-B03E-40B1-838B-AF21635A1AF9}.Debug|x64.ActiveCfg = Debug|x64
		{0638A721-B03E-40B1-838B-AF21635A1AF9}.Debug|x64.Build.0 = Debug|x64
		{0638A721-B03E-40B1-838B-AF21635A1AF9}.Debug|x86.ActiveCfg = Debug|Win32
		{0638A721-B03E-40B1-838B-AF21635A1AF9}.Debug|x86.Build.0 = Debug|Win32
		{0638A721-B03E-40B1-838B-AF21635A1AF9}.Release|x64.ActiveCfg = Release|x64
		{0638A721-B03E-40B1-838B-AF21635A1AF9}.Release|x64.Build.0 = Release|x64
		{0638A721-B03E-40B1-838B-AF21635A1AF9}.Release|x86.ActiveCfg = Release|Win32
		{0638A721-B03E-40B1-838B-AF21635A1AF9}.Release|x86.Build.0 = Release|Win32
	EndGlobalSection
	GlobalSection(SolutionProperties) = preSolution
		HideSolutionNode = FALSE
	EndGlobalSection
	GlobalSection(ExtensibilityGlobals) = postSolution
		SolutionGuid = {D22B1C3D-8C31-4BD7-9B0A-C0D8D228C6C6}
	EndGlobalSection
EndGlobal
